// !$*UTF8*$!
{
	archiveVersion = 1;
	classes = {
	};
	objectVersion = 46;
	objects = {

/* Begin PBXBuildFile section */
		FA23B6731ED3545F0027E86D /* AppDelegate.swift in Sources */ = {isa = PBXBuildFile; fileRef = FA23B6721ED3545F0027E86D /* AppDelegate.swift */; };
		FA23B6751ED3545F0027E86D /* ViewController.swift in Sources */ = {isa = PBXBuildFile; fileRef = FA23B6741ED3545F0027E86D /* ViewController.swift */; };
		FA23B6781ED3545F0027E86D /* Main.storyboard in Resources */ = {isa = PBXBuildFile; fileRef = FA23B6761ED3545F0027E86D /* Main.storyboard */; };
		FA23B67A1ED3545F0027E86D /* Assets.xcassets in Resources */ = {isa = PBXBuildFile; fileRef = FA23B6791ED3545F0027E86D /* Assets.xcassets */; };
		FA23B67D1ED3545F0027E86D /* LaunchScreen.storyboard in Resources */ = {isa = PBXBuildFile; fileRef = FA23B67B1ED3545F0027E86D /* LaunchScreen.storyboard */; };
/* End PBXBuildFile section */

/* Begin PBXFileReference section */
		FA23B66F1ED3545F0027E86D /* KM Running Club.app */ = {isa = PBXFileReference; explicitFileType = wrapper.application; includeInIndex = 0; path = "KM Running Club.app"; sourceTree = BUILT_PRODUCTS_DIR; };
		FA23B6721ED3545F0027E86D /* AppDelegate.swift */ = {isa = PBXFileReference; lastKnownFileType = sourcecode.swift; path = AppDelegate.swift; sourceTree = "<group>"; };
		FA23B6741ED3545F0027E86D /* ViewController.swift */ = {isa = PBXFileReference; lastKnownFileType = sourcecode.swift; path = ViewController.swift; sourceTree = "<group>"; };
		FA23B6771ED3545F0027E86D /* Base */ = {isa = PBXFileReference; lastKnownFileType = file.storyboard; name = Base; path = Base.lproj/Main.storyboard; sourceTree = "<group>"; };
		FA23B6791ED3545F0027E86D /* Assets.xcassets */ = {isa = PBXFileReference; lastKnownFileType = folder.assetcatalog; path = Assets.xcassets; sourceTree = "<group>"; };
		FA23B67C1ED3545F0027E86D /* Base */ = {isa = PBXFileReference; lastKnownFileType = file.storyboard; name = Base; path = Base.lproj/LaunchScreen.storyboard; sourceTree = "<group>"; };
		FA23B67E1ED3545F0027E86D /* Info.plist */ = {isa = PBXFileReference; lastKnownFileType = text.plist.xml; path = Info.plist; sourceTree = "<group>"; };
/* End PBXFileReference section */

/* Begin PBXFrameworksBuildPhase section */
		FA23B66C1ED3545F0027E86D /* Frameworks */ = {
			isa = PBXFrameworksBuildPhase;
			buildActionMask = 2147483647;
			files = (
			);
			runOnlyForDeploymentPostprocessing = 0;
		};
/* End PBXFrameworksBuildPhase section */

/* Begin PBXGroup section */
		FA23B6661ED3545F0027E86D = {
			isa = PBXGroup;
			children = (
				FA23B6711ED3545F0027E86D /* KM Running Club */,
				FA23B6701ED3545F0027E86D /* Products */,
			);
			sourceTree = "<group>";
		};
		FA23B6701ED3545F0027E86D /* Products */ = {
			isa = PBXGroup;
			children = (
				FA23B66F1ED3545F0027E86D /* KM Running Club.app */,
			);
			name = Products;
			sourceTree = "<group>";
		};
		FA23B6711ED3545F0027E86D /* KM Running Club */ = {
			isa = PBXGroup;
			children = (
				FA23B6721ED3545F0027E86D /* AppDelegate.swift */,
				FA23B6741ED3545F0027E86D /* ViewController.swift */,
				FA23B6761ED3545F0027E86D /* Main.storyboard */,
				FA23B6791ED3545F0027E86D /* Assets.xcassets */,
				FA23B67B1ED3545F0027E86D /* LaunchScreen.storyboard */,
				FA23B67E1ED3545F0027E86D /* Info.plist */,
			);
			path = "KM Running Club";
			sourceTree = "<group>";
		};
/* End PBXGroup section */

/* Begin PBXNativeTarget section */
		FA23B66E1ED3545F0027E86D /* KM Running Club */ = {
			isa = PBXNativeTarget;
			buildConfigurationList = FA23B6811ED3545F0027E86D /* Build configuration list for PBXNativeTarget "KM Running Club" */;
			buildPhases = (
				FA23B66B1ED3545F0027E86D /* Sources */,
				FA23B66C1ED3545F0027E86D /* Frameworks */,
				FA23B66D1ED3545F0027E86D /* Resources */,
			);
			buildRules = (
			);
			dependencies = (
			);
			name = "KM Running Club";
			productName = "KM Running Club";
			productReference = FA23B66F1ED3545F0027E86D /* KM Running Club.app */;
			productType = "com.apple.product-type.application";
		};
/* End PBXNativeTarget section */

/* Begin PBXProject section */
		FA23B6671ED3545F0027E86D /* Project object */ = {
			isa = PBXProject;
			attributes = {
				LastSwiftUpdateCheck = 0830;
				LastUpgradeCheck = 0830;
				ORGANIZATIONNAME = "Artem Zinoviev";
				TargetAttributes = {
					FA23B66E1ED3545F0027E86D = {
						CreatedOnToolsVersion = 8.3;
						DevelopmentTeam = E954BUH87J;
						ProvisioningStyle = Automatic;
					};
				};
			};
			buildConfigurationList = FA23B66A1ED3545F0027E86D /* Build configuration list for PBXProject "KM Running Club" */;
			compatibilityVersion = "Xcode 3.2";
			developmentRegion = English;
			hasScannedForEncodings = 0;
			knownRegions = (
				en,
				Base,
			);
			mainGroup = FA23B6661ED3545F0027E86D;
			productRefGroup = FA23B6701ED3545F0027E86D /* Products */;
			projectDirPath = "";
			projectRoot = "";
			targets = (
				FA23B66E1ED3545F0027E86D /* KM Running Club */,
			);
		};
/* End PBXProject section */

/* Begin PBXResourcesBuildPhase section */
		FA23B66D1ED3545F0027E86D /* Resources */ = {
			isa = PBXResourcesBuildPhase;
			buildActionMask = 2147483647;
			files = (
				FA23B67D1ED3545F0027E86D /* LaunchScreen.storyboard in Resources */,
				FA23B67A1ED3545F0027E86D /* Assets.xcassets in Resources */,
				FA23B6781ED3545F0027E86D /* Main.storyboard in Resources */,
			);
			runOnlyForDeploymentPostprocessing = 0;
		};
/* End PBXResourcesBuildPhase section */

/* Begin PBXSourcesBuildPhase section */
		FA23B66B1ED3545F0027E86D /* Sources */ = {
			isa = PBXSourcesBuildPhase;
			buildActionMask = 2147483647;
			files = (
				FA23B6751ED3545F0027E86D /* ViewController.swift in Sources */,
				FA23B6731ED3545F0027E86D /* AppDelegate.swift in Sources */,
			);
			runOnlyForDeploymentPostprocessing = 0;
		};
/* End PBXSourcesBuildPhase section */

/* Begin PBXVariantGroup section */
		FA23B6761ED3545F0027E86D /* Main.storyboard */ = {
			isa = PBXVariantGroup;
			children = (
				FA23B6771ED3545F0027E86D /* Base */,
			);
			name = Main.storyboard;
			sourceTree = "<group>";
		};
		FA23B67B1ED3545F0027E86D /* LaunchScreen.storyboard */ = {
			isa = PBXVariantGroup;
			children = (
				FA23B67C1ED3545F0027E86D /* Base */,
			);
			name = LaunchScreen.storyboard;
			sourceTree = "<group>";
		};
/* End PBXVariantGroup section */

/* Begin XCBuildConfiguration section */
		FA23B67F1ED3545F0027E86D /* Debug */ = {
			isa = XCBuildConfiguration;
			buildSettings = {
				ALWAYS_SEARCH_USER_PATHS = NO;
				CLANG_ANALYZER_NONNULL = YES;
				CLANG_ANALYZER_NUMBER_OBJECT_CONVERSION = YES_AGGRESSIVE;
				CLANG_CXX_LANGUAGE_STANDARD = "gnu++0x";
				CLANG_CXX_LIBRARY = "libc++";
				CLANG_ENABLE_MODULES = YES;
				CLANG_ENABLE_OBJC_ARC = YES;
				CLANG_WARN_BOOL_CONVERSION = YES;
				CLANG_WARN_CONSTANT_CONVERSION = YES;
				CLANG_WARN_DIRECT_OBJC_ISA_USAGE = YES_ERROR;
				CLANG_WARN_DOCUMENTATION_COMMENTS = YES;
				CLANG_WARN_EMPTY_BODY = YES;
				CLANG_WARN_ENUM_CONVERSION = YES;
				CLANG_WARN_INFINITE_RECURSION = YES;
				CLANG_WARN_INT_CONVERSION = YES;
				CLANG_WARN_OBJC_ROOT_CLASS = YES_ERROR;
				CLANG_WARN_SUSPICIOUS_MOVE = YES;
				CLANG_WARN_UNREACHABLE_CODE = YES;
				CLANG_WARN__DUPLICATE_METHOD_MATCH = YES;
				"CODE_SIGN_IDENTITY[sdk=iphoneos*]" = "iPhone Developer";
				COPY_PHASE_STRIP = NO;
				DEBUG_INFORMATION_FORMAT = dwarf;
				ENABLE_STRICT_OBJC_MSGSEND = YES;
				ENABLE_TESTABILITY = YES;
				GCC_C_LANGUAGE_STANDARD = gnu99;
				GCC_DYNAMIC_NO_PIC = NO;
				GCC_NO_COMMON_BLOCKS = YES;
				GCC_OPTIMIZATION_LEVEL = 0;
				GCC_PREPROCESSOR_DEFINITIONS = (
					"DEBUG=1",
					"$(inherited)",
				);
				GCC_WARN_64_TO_32_BIT_CONVERSION = YES;
				GCC_WARN_ABOUT_RETURN_TYPE = YES_ERROR;
				GCC_WARN_UNDECLARED_SELECTOR = YES;
				GCC_WARN_UNINITIALIZED_AUTOS = YES_AGGRESSIVE;
				GCC_WARN_UNUSED_FUNCTION = YES;
				GCC_WARN_UNUSED_VARIABLE = YES;
				IPHONEOS_DEPLOYMENT_TARGET = 10.3;
				MTL_ENABLE_DEBUG_INFO = YES;
				ONLY_ACTIVE_ARCH = YES;
				SDKROOT = iphoneos;
				SWIFT_ACTIVE_COMPILATION_CONDITIONS = DEBUG;
				SWIFT_OPTIMIZATION_LEVEL = "-Onone";
				TARGETED_DEVICE_FAMILY = "1,2";
			};
			name = Debug;
		};
		FA23B6801ED3545F0027E86D /* Release */ = {
			isa = XCBuildConfiguration;
			buildSettings = {
				ALWAYS_SEARCH_USER_PATHS = NO;
				CLANG_ANALYZER_NONNULL = YES;
				CLANG_ANALYZER_NUMBER_OBJECT_CONVERSION = YES_AGGRESSIVE;
				CLANG_CXX_LANGUAGE_STANDARD = "gnu++0x";
				CLANG_CXX_LIBRARY = "libc++";
				CLANG_ENABLE_MODULES = YES;
				CLANG_ENABLE_OBJC_ARC = YES;
				CLANG_WARN_BOOL_CONVERSION = YES;
				CLANG_WARN_CONSTANT_CONVERSION = YES;
				CLANG_WARN_DIRECT_OBJC_ISA_USAGE = YES_ERROR;
				CLANG_WARN_DOCUMENTATION_COMMENTS = YES;
				CLANG_WARN_EMPTY_BODY = YES;
				CLANG_WARN_ENUM_CONVERSION = YES;
				CLANG_WARN_INFINITE_RECURSION = YES;
				CLANG_WARN_INT_CONVERSION = YES;
				CLANG_WARN_OBJC_ROOT_CLASS = YES_ERROR;
				CLANG_WARN_SUSPICIOUS_MOVE = YES;
				CLANG_WARN_UNREACHABLE_CODE = YES;
				CLANG_WARN__DUPLICATE_METHOD_MATCH = YES;
				"CODE_SIGN_IDENTITY[sdk=iphoneos*]" = "iPhone Developer";
				COPY_PHASE_STRIP = NO;
				DEBUG_INFORMATION_FORMAT = "dwarf-with-dsym";
				ENABLE_NS_ASSERTIONS = NO;
				ENABLE_STRICT_OBJC_MSGSEND = YES;
				GCC_C_LANGUAGE_STANDARD = gnu99;
				GCC_NO_COMMON_BLOCKS = YES;
				GCC_WARN_64_TO_32_BIT_CONVERSION = YES;
				GCC_WARN_ABOUT_RETURN_TYPE = YES_ERROR;
				GCC_WARN_UNDECLARED_SELECTOR = YES;
				GCC_WARN_UNINITIALIZED_AUTOS = YES_AGGRESSIVE;
				GCC_WARN_UNUSED_FUNCTION = YES;
				GCC_WARN_UNUSED_VARIABLE = YES;
				IPHONEOS_DEPLOYMENT_TARGET = 10.3;
				MTL_ENABLE_DEBUG_INFO = NO;
				SDKROOT = iphoneos;
				SWIFT_OPTIMIZATION_LEVEL = "-Owholemodule";
				TARGETED_DEVICE_FAMILY = "1,2";
				VALIDATE_PRODUCT = YES;
			};
			name = Release;
		};
		FA23B6821ED3545F0027E86D /* Debug */ = {
			isa = XCBuildConfiguration;
			buildSettings = {
				ASSETCATALOG_COMPILER_APPICON_NAME = AppIcon;
				DEVELOPMENT_TEAM = E954BUH87J;
				INFOPLIST_FILE = "KM Running Club/Info.plist";
				LD_RUNPATH_SEARCH_PATHS = "$(inherited) @executable_path/Frameworks";
				PRODUCT_BUNDLE_IDENTIFIER = "AZ.KM-Running-Club";
				PRODUCT_NAME = "$(TARGET_NAME)";
				SWIFT_VERSION = 3.0;
			};
			name = Debug;
		};
		FA23B6831ED3545F0027E86D /* Release */ = {
			isa = XCBuildConfiguration;
			buildSettings = {
				ASSETCATALOG_COMPILER_APPICON_NAME = AppIcon;
				DEVELOPMENT_TEAM = E954BUH87J;
				INFOPLIST_FILE = "KM Running Club/Info.plist";
				LD_RUNPATH_SEARCH_PATHS = "$(inherited) @executable_path/Frameworks";
				PRODUCT_BUNDLE_IDENTIFIER = "AZ.KM-Running-Club";
				PRODUCT_NAME = "$(TARGET_NAME)";
				SWIFT_VERSION = 3.0;
			};
			name = Release;
		};
/* End XCBuildConfiguration section */

/* Begin XCConfigurationList section */
		FA23B66A1ED3545F0027E86D /* Build configuration list for PBXProject "KM Running Club" */ = {
			isa = XCConfigurationList;
			buildConfigurations = (
				FA23B67F1ED3545F0027E86D /* Debug */,
				FA23B6801ED3545F0027E86D /* Release */,
			);
			defaultConfigurationIsVisible = 0;
			defaultConfigurationName = Release;
		};
		FA23B6811ED3545F0027E86D /* Build configuration list for PBXNativeTarget "KM Running Club" */ = {
			isa = XCConfigurationList;
			buildConfigurations = (
				FA23B6821ED3545F0027E86D /* Debug */,
				FA23B6831ED3545F0027E86D /* Release */,
			);
			defaultConfigurationIsVisible = 0;
		};
/* End XCConfigurationList section */
	};
	rootObject = FA23B6671ED3545F0027E86D /* Project object */;
}
